{
    "_meta": {
        "hash": {
            "sha256": "77630fd365afa49d288163f9b36dfbfb8294cf43fae5b444e62c432a71d77bdd"
        },
        "pipfile-spec": 6,
        "requires": {
            "python_version": "3.6"
        },
        "sources": [
            {
                "name": "pypi",
                "url": "https://pypi.org/simple",
                "verify_ssl": true
            }
        ]
    },
    "default": {
        "django": {
            "hashes": [
                "sha256:2484f115891ab1a0e9ae153602a641fbc15d7894c036d79fb78662c0965d7954",
                "sha256:2569f9dc5f8e458a5e988b03d6b7a02bda59b006d6782f4ea0fd590ed7336a64"
            ],
            "index": "pypi",
            "version": "==2.2.20"
        },
        "django-configurations": {
            "hashes": [
                "sha256:71d9acdff33aa034f0157b0b3d23629fe0cd499bf4d0b6d699b9ca0701d952e8",
                "sha256:e70433eeed10549d30bf5ca386c962505ff9f492893dd2483c52af536347adce"
            ],
            "index": "pypi",
            "version": "==2.1"
        },
        "pytz": {
            "hashes": [
                "sha256:83a4a90894bf38e243cf052c8b58f381bfe9a7a483f6a9cab140bc7f702ac4da",
                "sha256:eb10ce3e7736052ed3623d49975ce333bcd712c7bb19a58b9e2089d4057d0798"
            ],
            "version": "==2021.1"
        },
        "sqlparse": {
            "hashes": [
                "sha256:017cde379adbd6a1f15a61873f43e8274179378e95ef3fede90b5aa64d304ed0",
                "sha256:0f91fd2e829c44362cbcfab3e9ae12e22badaa8a29ad5ff599f9ec109f0454e8"
            ],
            "version": "==0.4.1"
        }
    },
    "develop": {
        "ptvsd": {
            "hashes": [
                "sha256:048302c5d1b1472b5db5bb05491fa397ffbaaa85dc6abd42d079f3ab596fa0b0",
                "sha256:07eda5d9990632e6266e27438623b066a4cc848028f09fb59a202a2753453269",
                "sha256:09fb016970cca30b44c98657518138c04c51868bd9ebd30d5bfde5601d9d9b60",
                "sha256:0bd480c58f98889c158b89cdc116029666214ad0a518a9f79f10c5dcf0182874",
                "sha256:0eb172f116d529ab5c94449f918f7cbd884a15a00625a18e8372baf1314c8515",
                "sha256:11df3390aa56f8749c022afa65d7230ab93ae28882ece8c683508f56f9f92dfe",
                "sha256:1eea0ab3d1f944369ce35a2caecb6d7c9380c9eee2001dad7daeb886b5df12e9",
                "sha256:521c13c01551385ef8868b08bb8d712e547e8d6e7f04088395e7708bdad31831",
                "sha256:5312d970d8579338a528b79ee8409e11100b585a99b41c5c61f267cbe0912246",
                "sha256:579f7a2436125874e46bda6c19f97bcace59d62752c939487775a8c9a6004871",
                "sha256:823d20fcb98bb2fdba91e06000d9918968f213932cf1d2156b2491b1b3265577",
                "sha256:8623767c43afc43da15411d79652e02367e2dd1b71f8de1d8e8a3f3ae2b75693",
                "sha256:8ce0121becb89e92729389c772a5ec48330413ff35907b500d93d51d45da24bd",
                "sha256:8d63c500a723b70d7a3f2645de06f2556798fe368cbb18493ed628e833e86102",
                "sha256:90a99b3b43f899368a3ae58164980c0ea19345537b5ea232c72923ca146e4052",
                "sha256:93c00d7777faaaf2c1995b6863eb9fc25b05b3d9ec509c4ff63636561e62c369",
                "sha256:a867b17597a703a2b71d08faaef5294ec321848310b66c5f0228d7959273d424",
                "sha256:abdf796edc773a796e3db46c4f362a3c56da307ca4bda47b7f33c767242d3dd2",
                "sha256:ad9cef6bdbe7d84b0788c520447ce7b9619ff1c455baec9bc18ab8bcf17e78a1",
                "sha256:ba24747411658da022cd6cc6465106bf3c7fbd1f3001f91fe538fac86b2eea90",
                "sha256:c02ece697a0f18b08834c9955d3dac47276ba27d5ff6ec73d76b5cd06e679900",
                "sha256:d1ac8d0c672016487d0c7fb62a410345a1abf4945fe97c29de2c914b165458da",
                "sha256:f578fd4f853ce8b1558c79eb594ddc1a87d42d24208dc5571139e5eb6cf8a706",
                "sha256:f7408e4ab87db4c059bef0b73c03cfc589e0f99e40eb700472da3a8825ca6fe6",
                "sha256:f9075cea8f02f261cfca9bb3a53373e5ed19ad30eb2b181af1eb4eabd97d2df2"
            ],
            "index": "pypi",
            "version": "==4.2.10"
        },
        "pydevd": {
            "hashes": [
                "sha256:0a37a92513b418abbf19243f0fb9ab9f92a5c51d030bca1d5d0d0ad0b6a072ec",
                "sha256:21c543a68c4079526a822de58c53d4ca0630953d8312a63d96c96bdb9c0626a0",
                "sha256:23136ac43d2d3d30b83af90707d96f2d8004968071490f62b1ae82481c0f3bfb",
                "sha256:4613f8a8f46f548d3c2c00c7597a5d12481aa2aa04ae0364ce401a10b1ff0da7",
                "sha256:6cb5438c58488a47735ac800af81a4ec67ce93dbb88bc8f98eb62efcb1b197f9",
                "sha256:a133b04b2371ed56f7486c71acb16fe78a8cb1ef29a5280a5455451c083c3f48",
                "sha256:a2f8b645484f3de9f1ae5bc625ddb6f22fb199a74a86a57478f76642c2dbbd72",
                "sha256:ac9d72c30c772ef1e3b86b89e29d5368a59eeb09598c9b96069479af43ae7cc2",
                "sha256:cfdee260fd800fc85e8970add2332f716ef6ee5fd0cf6181bf3752eff5e6df85",
                "sha256:f8d7475058eb810480e2ce3582540b88db68f9e17479f507155875723d031187",
                "sha256:f9c5591296748ecdf0d7ccfb52a8c0f533dae07182d0ec37d29f7eab0fda0119"
            ],
            "index": "pypi",
            "version": "==1.6.1"
        }
    }
}
